{
  "name": "teamable",
  "version": "1.0.0",
  "lockfileVersion": 2,
  "requires": true,
  "packages": {
    "": {
      "name": "teamable",
      "version": "1.0.0",
      "dependencies": {
        "Datepicker.js": "^0.1.1"
      }
    },
    "node_modules/Datepicker.js": {
      "version": "0.1.1",
      "resolved": "https://registry.npmjs.org/Datepicker.js/-/Datepicker.js-0.1.1.tgz",
      "integrity": "sha512-kY1rEpj63fOZCIoz7FYybcCyb3k8qctuHnluJDgosVwoLMpfZqFGXhmj2OcEM52LGdo1E9sVLH2zF91RnPMAyw==",
      "license": "MIT"
    }
  },
  "dependencies": {
    "Datepicker.js": {
      "version": "0.1.1",
      "resolved": "https://registry.npmjs.org/Datepicker.js/-/Datepicker.js-0.1.1.tgz",
      "integrity": "sha512-kY1rEpj63fOZCIoz7FYybcCyb3k8qctuHnluJDgosVwoLMpfZqFGXhmj2OcEM52LGdo1E9sVLH2zF91RnPMAyw=="
    }
  }
}
